{
  "name": "runner",
  "version": "1.0.0",
  "lockfileVersion": 1,
  "requires": true,
  "dependencies": {
    "basic-request": {
      "version": "3.0.4",
      "resolved": "https://registry.npmjs.org/basic-request/-/basic-request-3.0.4.tgz",
      "integrity": "sha512-vUaYF6tb11VG3U8+0YMmfXd3vd2quxBLb5pCN1iBdC8d1OozAt82WlRvFs9XWHIPNnQxRphz5+m5gMhvyam4vA=="
    }
  }
}
